# This file is automatically @generated by Cargo.
# It is not intended for manual editing.
version = 4

[[package]]
name = "mtg-object"
version = "0.1.0"
dependencies = [
 "mtg_color",
]

[[package]]
name = "mtg_color"
version = "1.1.0"
source = "registry+https://github.com/rust-lang/crates.io-index"
checksum = "fbe7ef2d1fd5eb7e7cdea76ebdbeab05e418052615a74ae099eedce6fc08b2a3"
